// !$*UTF8*$!
{
	archiveVersion = 1;
	classes = {
	};
	objectVersion = 48;
	objects = {

/* Begin PBXBuildFile section */
		DE245C3B20A9EB0200622074 /* cyber.mp3 in Resources */ = {isa = PBXBuildFile; fileRef = DE245C3A20A9EB0200622074 /* cyber.mp3 */; };
		DE4CA64620A4A77400196649 /* Shield Sliders.swift in Sources */ = {isa = PBXBuildFile; fileRef = DE4CA64520A4A77400196649 /* Shield Sliders.swift */; };
		DEFF929B20601C5F00765D90 /* AppDelegate.swift in Sources */ = {isa = PBXBuildFile; fileRef = DEFF929A20601C5F00765D90 /* AppDelegate.swift */; };
		DEFF929D20601C5F00765D90 /* ViewController.swift in Sources */ = {isa = PBXBuildFile; fileRef = DEFF929C20601C5F00765D90 /* ViewController.swift */; };
		DEFF92A020601C5F00765D90 /* Main.storyboard in Resources */ = {isa = PBXBuildFile; fileRef = DEFF929E20601C5F00765D90 /* Main.storyboard */; };
		DEFF92A220601C5F00765D90 /* Assets.xcassets in Resources */ = {isa = PBXBuildFile; fileRef = DEFF92A120601C5F00765D90 /* Assets.xcassets */; };
		DEFF92A520601C5F00765D90 /* LaunchScreen.storyboard in Resources */ = {isa = PBXBuildFile; fileRef = DEFF92A320601C5F00765D90 /* LaunchScreen.storyboard */; };
/* End PBXBuildFile section */

/* Begin PBXFileReference section */
		DE245C3A20A9EB0200622074 /* cyber.mp3 */ = {isa = PBXFileReference; lastKnownFileType = audio.mp3; path = cyber.mp3; sourceTree = "<group>"; };
		DE4CA64520A4A77400196649 /* Shield Sliders.swift */ = {isa = PBXFileReference; lastKnownFileType = sourcecode.swift; path = "Shield Sliders.swift"; sourceTree = "<group>"; };
		DEFF929720601C5F00765D90 /* Blue vs Red Hack war.app */ = {isa = PBXFileReference; explicitFileType = wrapper.application; includeInIndex = 0; path = "Blue vs Red Hack war.app"; sourceTree = BUILT_PRODUCTS_DIR; };
		DEFF929A20601C5F00765D90 /* AppDelegate.swift */ = {isa = PBXFileReference; lastKnownFileType = sourcecode.swift; path = AppDelegate.swift; sourceTree = "<group>"; };
		DEFF929C20601C5F00765D90 /* ViewController.swift */ = {isa = PBXFileReference; lastKnownFileType = sourcecode.swift; path = ViewController.swift; sourceTree = "<group>"; };
		DEFF929F20601C5F00765D90 /* Base */ = {isa = PBXFileReference; lastKnownFileType = file.storyboard; name = Base; path = Base.lproj/Main.storyboard; sourceTree = "<group>"; };
		DEFF92A120601C5F00765D90 /* Assets.xcassets */ = {isa = PBXFileReference; lastKnownFileType = folder.assetcatalog; path = Assets.xcassets; sourceTree = "<group>"; };
		DEFF92A420601C5F00765D90 /* Base */ = {isa = PBXFileReference; lastKnownFileType = file.storyboard; name = Base; path = Base.lproj/LaunchScreen.storyboard; sourceTree = "<group>"; };
		DEFF92A620601C5F00765D90 /* Info.plist */ = {isa = PBXFileReference; lastKnownFileType = text.plist.xml; path = Info.plist; sourceTree = "<group>"; };
/* End PBXFileReference section */

/* Begin PBXFrameworksBuildPhase section */
		DEFF929420601C5F00765D90 /* Frameworks */ = {
			isa = PBXFrameworksBuildPhase;
			buildActionMask = 2147483647;
			files = (
			);
			runOnlyForDeploymentPostprocessing = 0;
		};
/* End PBXFrameworksBuildPhase section */

/* Begin PBXGroup section */
		DEFF928E20601C5F00765D90 = {
			isa = PBXGroup;
			children = (
				DEFF929920601C5F00765D90 /* Blue vs Red Hack war */,
				DEFF929820601C5F00765D90 /* Products */,
			);
			sourceTree = "<group>";
		};
		DEFF929820601C5F00765D90 /* Products */ = {
			isa = PBXGroup;
			children = (
				DEFF929720601C5F00765D90 /* Blue vs Red Hack war.app */,
			);
			name = Products;
			sourceTree = "<group>";
		};
		DEFF929920601C5F00765D90 /* Blue vs Red Hack war */ = {
			isa = PBXGroup;
			children = (
				DEFF929A20601C5F00765D90 /* AppDelegate.swift */,
				DEFF929C20601C5F00765D90 /* ViewController.swift */,
				DEFF929E20601C5F00765D90 /* Main.storyboard */,
				DEFF92A120601C5F00765D90 /* Assets.xcassets */,
				DE245C3A20A9EB0200622074 /* cyber.mp3 */,
				DEFF92A320601C5F00765D90 /* LaunchScreen.storyboard */,
				DEFF92A620601C5F00765D90 /* Info.plist */,
				DE4CA64520A4A77400196649 /* Shield Sliders.swift */,
			);
			path = "Blue vs Red Hack war";
			sourceTree = "<group>";
		};
/* End PBXGroup section */

/* Begin PBXNativeTarget section */
		DEFF929620601C5F00765D90 /* Blue vs Red Hack war */ = {
			isa = PBXNativeTarget;
			buildConfigurationList = DEFF92A920601C5F00765D90 /* Build configuration list for PBXNativeTarget "Blue vs Red Hack war" */;
			buildPhases = (
				DEFF929320601C5F00765D90 /* Sources */,
				DEFF929420601C5F00765D90 /* Frameworks */,
				DEFF929520601C5F00765D90 /* Resources */,
			);
			buildRules = (
			);
			dependencies = (
			);
			name = "Blue vs Red Hack war";
			productName = "Blue vs Red Hack war";
			productReference = DEFF929720601C5F00765D90 /* Blue vs Red Hack war.app */;
			productType = "com.apple.product-type.application";
		};
/* End PBXNativeTarget section */

/* Begin PBXProject section */
		DEFF928F20601C5F00765D90 /* Project object */ = {
			isa = PBXProject;
			attributes = {
				LastSwiftUpdateCheck = 0920;
				LastUpgradeCheck = 0920;
				ORGANIZATIONNAME = "John Hersey High School";
				TargetAttributes = {
					DEFF929620601C5F00765D90 = {
						CreatedOnToolsVersion = 9.2;
						ProvisioningStyle = Automatic;
					};
				};
			};
			buildConfigurationList = DEFF929220601C5F00765D90 /* Build configuration list for PBXProject "Blue vs Red Hack war" */;
			compatibilityVersion = "Xcode 8.0";
			developmentRegion = en;
			hasScannedForEncodings = 0;
			knownRegions = (
				en,
				Base,
			);
			mainGroup = DEFF928E20601C5F00765D90;
			productRefGroup = DEFF929820601C5F00765D90 /* Products */;
			projectDirPath = "";
			projectRoot = "";
			targets = (
				DEFF929620601C5F00765D90 /* Blue vs Red Hack war */,
			);
		};
/* End PBXProject section */

/* Begin PBXResourcesBuildPhase section */
		DEFF929520601C5F00765D90 /* Resources */ = {
			isa = PBXResourcesBuildPhase;
			buildActionMask = 2147483647;
			files = (
				DE245C3B20A9EB0200622074 /* cyber.mp3 in Resources */,
				DEFF92A520601C5F00765D90 /* LaunchScreen.storyboard in Resources */,
				DEFF92A220601C5F00765D90 /* Assets.xcassets in Resources */,
				DEFF92A020601C5F00765D90 /* Main.storyboard in Resources */,
			);
			runOnlyForDeploymentPostprocessing = 0;
		};
/* End PBXResourcesBuildPhase section */

/* Begin PBXSourcesBuildPhase section */
		DEFF929320601C5F00765D90 /* Sources */ = {
			isa = PBXSourcesBuildPhase;
			buildActionMask = 2147483647;
			files = (
				DE4CA64620A4A77400196649 /* Shield Sliders.swift in Sources */,
				DEFF929D20601C5F00765D90 /* ViewController.swift in Sources */,
				DEFF929B20601C5F00765D90 /* AppDelegate.swift in Sources */,
			);
			runOnlyForDeploymentPostprocessing = 0;
		};
/* End PBXSourcesBuildPhase section */

/* Begin PBXVariantGroup section */
		DEFF929E20601C5F00765D90 /* Main.storyboard */ = {
			isa = PBXVariantGroup;
			children = (
				DEFF929F20601C5F00765D90 /* Base */,
			);
			name = Main.storyboard;
			sourceTree = "<group>";
		};
		DEFF92A320601C5F00765D90 /* LaunchScreen.storyboard */ = {
			isa = PBXVariantGroup;
			children = (
				DEFF92A420601C5F00765D90 /* Base */,
			);
			name = LaunchScreen.storyboard;
			sourceTree = "<group>";
		};
/* End PBXVariantGroup section */

/* Begin XCBuildConfiguration section */
		DEFF92A720601C5F00765D90 /* Debug */ = {
			isa = XCBuildConfiguration;
			buildSettings = {
				ALWAYS_SEARCH_USER_PATHS = NO;
				CLANG_ANALYZER_NONNULL = YES;
				CLANG_ANALYZER_NUMBER_OBJECT_CONVERSION = YES_AGGRESSIVE;
				CLANG_CXX_LANGUAGE_STANDARD = "gnu++14";
				CLANG_CXX_LIBRARY = "libc++";
				CLANG_ENABLE_MODULES = YES;
				CLANG_ENABLE_OBJC_ARC = YES;
				CLANG_WARN_BLOCK_CAPTURE_AUTORELEASING = YES;
				CLANG_WARN_BOOL_CONVERSION = YES;
				CLANG_WARN_COMMA = YES;
				CLANG_WARN_CONSTANT_CONVERSION = YES;
				CLANG_WARN_DIRECT_OBJC_ISA_USAGE = YES_ERROR;
				CLANG_WARN_DOCUMENTATION_COMMENTS = YES;
				CLANG_WARN_EMPTY_BODY = YES;
				CLANG_WARN_ENUM_CONVERSION = YES;
				CLANG_WARN_INFINITE_RECURSION = YES;
				CLANG_WARN_INT_CONVERSION = YES;
				CLANG_WARN_NON_LITERAL_NULL_CONVERSION = YES;
				CLANG_WARN_OBJC_LITERAL_CONVERSION = YES;
				CLANG_WARN_OBJC_ROOT_CLASS = YES_ERROR;
				CLANG_WARN_RANGE_LOOP_ANALYSIS = YES;
				CLANG_WARN_STRICT_PROTOTYPES = YES;
				CLANG_WARN_SUSPICIOUS_MOVE = YES;
				CLANG_WARN_UNGUARDED_AVAILABILITY = YES_AGGRESSIVE;
				CLANG_WARN_UNREACHABLE_CODE = YES;
				CLANG_WARN__DUPLICATE_METHOD_MATCH = YES;
				CODE_SIGN_IDENTITY = "iPhone Developer";
				COPY_PHASE_STRIP = NO;
				DEBUG_INFORMATION_FORMAT = dwarf;
				ENABLE_STRICT_OBJC_MSGSEND = YES;
				ENABLE_TESTABILITY = YES;
				GCC_C_LANGUAGE_STANDARD = gnu11;
				GCC_DYNAMIC_NO_PIC = NO;
				GCC_NO_COMMON_BLOCKS = YES;
				GCC_OPTIMIZATION_LEVEL = 0;
				GCC_PREPROCESSOR_DEFINITIONS = (
					"DEBUG=1",
					"$(inherited)",
				);
				GCC_WARN_64_TO_32_BIT_CONVERSION = YES;
				GCC_WARN_ABOUT_RETURN_TYPE = YES_ERROR;
				GCC_WARN_UNDECLARED_SELECTOR = YES;
				GCC_WARN_UNINITIALIZED_AUTOS = YES_AGGRESSIVE;
				GCC_WARN_UNUSED_FUNCTION = YES;
				GCC_WARN_UNUSED_VARIABLE = YES;
				IPHONEOS_DEPLOYMENT_TARGET = 11.2;
				MTL_ENABLE_DEBUG_INFO = YES;
				ONLY_ACTIVE_ARCH = YES;
				SDKROOT = iphoneos;
				SWIFT_ACTIVE_COMPILATION_CONDITIONS = DEBUG;
				SWIFT_OPTIMIZATION_LEVEL = "-Onone";
			};
			name = Debug;
		};
		DEFF92A820601C5F00765D90 /* Release */ = {
			isa = XCBuildConfiguration;
			buildSettings = {
				ALWAYS_SEARCH_USER_PATHS = NO;
				CLANG_ANALYZER_NONNULL = YES;
				CLANG_ANALYZER_NUMBER_OBJECT_CONVERSION = YES_AGGRESSIVE;
				CLANG_CXX_LANGUAGE_STANDARD = "gnu++14";
				CLANG_CXX_LIBRARY = "libc++";
				CLANG_ENABLE_MODULES = YES;
				CLANG_ENABLE_OBJC_ARC = YES;
				CLANG_WARN_BLOCK_CAPTURE_AUTORELEASING = YES;
				CLANG_WARN_BOOL_CONVERSION = YES;
				CLANG_WARN_COMMA = YES;
				CLANG_WARN_CONSTANT_CONVERSION = YES;
				CLANG_WARN_DIRECT_OBJC_ISA_USAGE = YES_ERROR;
				CLANG_WARN_DOCUMENTATION_COMMENTS = YES;
				CLANG_WARN_EMPTY_BODY = YES;
				CLANG_WARN_ENUM_CONVERSION = YES;
				CLANG_WARN_INFINITE_RECURSION = YES;
				CLANG_WARN_INT_CONVERSION = YES;
				CLANG_WARN_NON_LITERAL_NULL_CONVERSION = YES;
				CLANG_WARN_OBJC_LITERAL_CONVERSION = YES;
				CLANG_WARN_OBJC_ROOT_CLASS = YES_ERROR;
				CLANG_WARN_RANGE_LOOP_ANALYSIS = YES;
				CLANG_WARN_STRICT_PROTOTYPES = YES;
				CLANG_WARN_SUSPICIOUS_MOVE = YES;
				CLANG_WARN_UNGUARDED_AVAILABILITY = YES_AGGRESSIVE;
				CLANG_WARN_UNREACHABLE_CODE = YES;
				CLANG_WARN__DUPLICATE_METHOD_MATCH = YES;
				CODE_SIGN_IDENTITY = "iPhone Developer";
				COPY_PHASE_STRIP = NO;
				DEBUG_INFORMATION_FORMAT = "dwarf-with-dsym";
				ENABLE_NS_ASSERTIONS = NO;
				ENABLE_STRICT_OBJC_MSGSEND = YES;
				GCC_C_LANGUAGE_STANDARD = gnu11;
				GCC_NO_COMMON_BLOCKS = YES;
				GCC_WARN_64_TO_32_BIT_CONVERSION = YES;
				GCC_WARN_ABOUT_RETURN_TYPE = YES_ERROR;
				GCC_WARN_UNDECLARED_SELECTOR = YES;
				GCC_WARN_UNINITIALIZED_AUTOS = YES_AGGRESSIVE;
				GCC_WARN_UNUSED_FUNCTION = YES;
				GCC_WARN_UNUSED_VARIABLE = YES;
				IPHONEOS_DEPLOYMENT_TARGET = 11.2;
				MTL_ENABLE_DEBUG_INFO = NO;
				SDKROOT = iphoneos;
				SWIFT_OPTIMIZATION_LEVEL = "-Owholemodule";
				VALIDATE_PRODUCT = YES;
			};
			name = Release;
		};
		DEFF92AA20601C5F00765D90 /* Debug */ = {
			isa = XCBuildConfiguration;
			buildSettings = {
				ASSETCATALOG_COMPILER_APPICON_NAME = AppIcon;
				CODE_SIGN_STYLE = Automatic;
				DEVELOPMENT_TEAM = 4EZKBC5GZE;
				INFOPLIST_FILE = "Blue vs Red Hack war/Info.plist";
				LD_RUNPATH_SEARCH_PATHS = "$(inherited) @executable_path/Frameworks";
				PRODUCT_BUNDLE_IDENTIFIER = "org.jhhs.619481.Blue-vs-Red-Hack-war";
				PRODUCT_NAME = "$(TARGET_NAME)";
				SWIFT_VERSION = 4.0;
				TARGETED_DEVICE_FAMILY = 2;
			};
			name = Debug;
		};
		DEFF92AB20601C5F00765D90 /* Release */ = {
			isa = XCBuildConfiguration;
			buildSettings = {
				ASSETCATALOG_COMPILER_APPICON_NAME = AppIcon;
				CODE_SIGN_STYLE = Automatic;
				DEVELOPMENT_TEAM = 4EZKBC5GZE;
				INFOPLIST_FILE = "Blue vs Red Hack war/Info.plist";
				LD_RUNPATH_SEARCH_PATHS = "$(inherited) @executable_path/Frameworks";
				PRODUCT_BUNDLE_IDENTIFIER = "org.jhhs.619481.Blue-vs-Red-Hack-war";
				PRODUCT_NAME = "$(TARGET_NAME)";
				SWIFT_VERSION = 4.0;
				TARGETED_DEVICE_FAMILY = 2;
			};
			name = Release;
		};
/* End XCBuildConfiguration section */

/* Begin XCConfigurationList section */
		DEFF929220601C5F00765D90 /* Build configuration list for PBXProject "Blue vs Red Hack war" */ = {
			isa = XCConfigurationList;
			buildConfigurations = (
				DEFF92A720601C5F00765D90 /* Debug */,
				DEFF92A820601C5F00765D90 /* Release */,
			);
			defaultConfigurationIsVisible = 0;
			defaultConfigurationName = Release;
		};
		DEFF92A920601C5F00765D90 /* Build configuration list for PBXNativeTarget "Blue vs Red Hack war" */ = {
			isa = XCConfigurationList;
			buildConfigurations = (
				DEFF92AA20601C5F00765D90 /* Debug */,
				DEFF92AB20601C5F00765D90 /* Release */,
			);
			defaultConfigurationIsVisible = 0;
			defaultConfigurationName = Release;
		};
/* End XCConfigurationList section */
	};
	rootObject = DEFF928F20601C5F00765D90 /* Project object */;
}
